
Microsoft Visual Studio Solution File, Format Version 12.00
Project("{FAE04EC0-301F-11D3-BF4B-00C04F79EFBC}") = "Module2HW6", "Module2HW6\Module2HW6.csproj", "{99DA49CD-2551-4C54-84BC-ECC427F6FAA5}"
EndProject
Global
	GlobalSection(SolutionConfigurationPlatforms) = preSolution
		Debug|Any CPU = Debug|Any CPU
		Release|Any CPU = Release|Any CPU
	EndGlobalSection
	GlobalSection(ProjectConfigurationPlatforms) = postSolution
		{99DA49CD-2551-4C54-84BC-ECC427F6FAA5}.Debug|Any CPU.ActiveCfg = Debug|Any CPU
		{99DA49CD-2551-4C54-84BC-ECC427F6FAA5}.Debug|Any CPU.Build.0 = Debug|Any CPU
		{99DA49CD-2551-4C54-84BC-ECC427F6FAA5}.Release|Any CPU.ActiveCfg = Release|Any CPU
		{99DA49CD-2551-4C54-84BC-ECC427F6FAA5}.Release|Any CPU.Build.0 = Release|Any CPU
	EndGlobalSection
EndGlobal
